
Microsoft Visual Studio Solution File, Format Version 12.00
Project("{FAE04EC0-301F-11D3-BF4B-00C04F79EFBC}") = "zad6", "zad6\zad6.csproj", "{5EA241CE-3117-476D-B2F4-51BC710CACDB}"
EndProject
Global
	GlobalSection(SolutionConfigurationPlatforms) = preSolution
		Debug|Any CPU = Debug|Any CPU
		Release|Any CPU = Release|Any CPU
	EndGlobalSection
	GlobalSection(ProjectConfigurationPlatforms) = postSolution
		{5EA241CE-3117-476D-B2F4-51BC710CACDB}.Debug|Any CPU.ActiveCfg = Debug|Any CPU
		{5EA241CE-3117-476D-B2F4-51BC710CACDB}.Debug|Any CPU.Build.0 = Debug|Any CPU
		{5EA241CE-3117-476D-B2F4-51BC710CACDB}.Release|Any CPU.ActiveCfg = Release|Any CPU
		{5EA241CE-3117-476D-B2F4-51BC710CACDB}.Release|Any CPU.Build.0 = Release|Any CPU
	EndGlobalSection
EndGlobal
